
Microsoft Visual Studio Solution File, Format Version 12.00
# Visual Studio Version 17
VisualStudioVersion = 17.0.31903.59
MinimumVisualStudioVersion = 10.0.40219.1
Project("{FAE04EC0-301F-11D3-BF4B-00C04F79EFBC}") = "TripPlannerApp", "TripPlannerApp\TripPlannerApp.csproj", "{AE125FDA-302C-4353-B448-AB6EF6E7E96C}"
EndProject
Project("{FAE04EC0-301F-11D3-BF4B-00C04F79EFBC}") = "TripPlanner.Tests", "TripPlanner.Tests\TripPlanner.Tests.csproj", "{3CA48283-41AC-4096-89A6-2B00A6D18F03}"
EndProject
Global
	GlobalSection(SolutionConfigurationPlatforms) = preSolution
		Debug|Any CPU = Debug|Any CPU
		Release|Any CPU = Release|Any CPU
	EndGlobalSection
	GlobalSection(SolutionProperties) = preSolution
		HideSolutionNode = FALSE
	EndGlobalSection
	GlobalSection(ProjectConfigurationPlatforms) = postSolution
		{AE125FDA-302C-4353-B448-AB6EF6E7E96C}.Debug|Any CPU.ActiveCfg = Debug|Any CPU
		{AE125FDA-302C-4353-B448-AB6EF6E7E96C}.Debug|Any CPU.Build.0 = Debug|Any CPU
		{AE125FDA-302C-4353-B448-AB6EF6E7E96C}.Release|Any CPU.ActiveCfg = Release|Any CPU
		{AE125FDA-302C-4353-B448-AB6EF6E7E96C}.Release|Any CPU.Build.0 = Release|Any CPU
		{3CA48283-41AC-4096-89A6-2B00A6D18F03}.Debug|Any CPU.ActiveCfg = Debug|Any CPU
		{3CA48283-41AC-4096-89A6-2B00A6D18F03}.Debug|Any CPU.Build.0 = Debug|Any CPU
		{3CA48283-41AC-4096-89A6-2B00A6D18F03}.Release|Any CPU.ActiveCfg = Release|Any CPU
		{3CA48283-41AC-4096-89A6-2B00A6D18F03}.Release|Any CPU.Build.0 = Release|Any CPU
	EndGlobalSection
EndGlobal
